// !$*UTF8*$!
{
	archiveVersion = 1;
	classes = {
	};
	objectVersion = 46;
	objects = {

/* Begin PBXBuildFile section */
		DE08068C160CA02500013DED /* SQUNewProjectController.xib in Resources */ = {isa = PBXBuildFile; fileRef = DE08068B160CA02500013DED /* SQUNewProjectController.xib */; };
		DE08068F160CA03400013DED /* SQUNewProjectController.m in Sources */ = {isa = PBXBuildFile; fileRef = DE08068E160CA03400013DED /* SQUNewProjectController.m */; };
		DE080691160CA13200013DED /* QuartzCore.framework in Frameworks */ = {isa = PBXBuildFile; fileRef = DE080690160CA13200013DED /* QuartzCore.framework */; };
		DE332C7A15FD17CA00096FF5 /* Cocoa.framework in Frameworks */ = {isa = PBXBuildFile; fileRef = DE332C7915FD17CA00096FF5 /* Cocoa.framework */; };
		DE332C8415FD17CA00096FF5 /* InfoPlist.strings in Resources */ = {isa = PBXBuildFile; fileRef = DE332C8215FD17CA00096FF5 /* InfoPlist.strings */; };
		DE332C8615FD17CA00096FF5 /* main.m in Sources */ = {isa = PBXBuildFile; fileRef = DE332C8515FD17CA00096FF5 /* main.m */; };
		DE332C8A15FD17CA00096FF5 /* Credits.rtf in Resources */ = {isa = PBXBuildFile; fileRef = DE332C8815FD17CA00096FF5 /* Credits.rtf */; };
		DE332C8D15FD17CA00096FF5 /* SQUDocument.m in Sources */ = {isa = PBXBuildFile; fileRef = DE332C8C15FD17CA00096FF5 /* SQUDocument.m */; };
		DE332C9015FD17CA00096FF5 /* SQUDocument.xib in Resources */ = {isa = PBXBuildFile; fileRef = DE332C8E15FD17CA00096FF5 /* SQUDocument.xib */; };
		DE332C9315FD17CB00096FF5 /* MainMenu.xib in Resources */ = {isa = PBXBuildFile; fileRef = DE332C9115FD17CB00096FF5 /* MainMenu.xib */; };
		DE332CA215FD1C9500096FF5 /* JUInspectorBaseView.m in Sources */ = {isa = PBXBuildFile; fileRef = DE332C9B15FD1C9500096FF5 /* JUInspectorBaseView.m */; };
		DE332CA315FD1C9500096FF5 /* JUInspectorView.m in Sources */ = {isa = PBXBuildFile; fileRef = DE332C9D15FD1C9500096FF5 /* JUInspectorView.m */; };
		DE332CA415FD1C9500096FF5 /* JUInspectorViewContainer.m in Sources */ = {isa = PBXBuildFile; fileRef = DE332C9F15FD1C9500096FF5 /* JUInspectorViewContainer.m */; };
		DE332CA515FD1C9500096FF5 /* JUInspectorViewHeader.m in Sources */ = {isa = PBXBuildFile; fileRef = DE332CA115FD1C9500096FF5 /* JUInspectorViewHeader.m */; };
		DE332CC315FD2CD700096FF5 /* SQUHexadecimalFormatter.m in Sources */ = {isa = PBXBuildFile; fileRef = DE332CC215FD2CD700096FF5 /* SQUHexadecimalFormatter.m */; };
		DE3F9653160974EE009005C4 /* NSColor_CheckerboardColor.m in Sources */ = {isa = PBXBuildFile; fileRef = DE3F9652160974EE009005C4 /* NSColor_CheckerboardColor.m */; };
		DE420F73160AB3AE00C010F8 /* BWTexturedSlider.m in Sources */ = {isa = PBXBuildFile; fileRef = DE420F70160AB3AE00C010F8 /* BWTexturedSlider.m */; };
		DE420F74160AB3AE00C010F8 /* BWTexturedSliderCell.m in Sources */ = {isa = PBXBuildFile; fileRef = DE420F72160AB3AE00C010F8 /* BWTexturedSliderCell.m */; };
		DE420F7E160AB49300C010F8 /* TexturedSliderPhotoLarge.tif in Resources */ = {isa = PBXBuildFile; fileRef = DE420F75160AB49300C010F8 /* TexturedSliderPhotoLarge.tif */; };
		DE420F7F160AB49300C010F8 /* TexturedSliderPhotoSmall.tif in Resources */ = {isa = PBXBuildFile; fileRef = DE420F76160AB49300C010F8 /* TexturedSliderPhotoSmall.tif */; };
		DE420F80160AB49300C010F8 /* TexturedSliderSpeakerLoud.png in Resources */ = {isa = PBXBuildFile; fileRef = DE420F77160AB49300C010F8 /* TexturedSliderSpeakerLoud.png */; };
		DE420F81160AB49300C010F8 /* TexturedSliderSpeakerQuiet.png in Resources */ = {isa = PBXBuildFile; fileRef = DE420F78160AB49300C010F8 /* TexturedSliderSpeakerQuiet.png */; };
		DE420F82160AB49300C010F8 /* TexturedSliderThumbN.tiff in Resources */ = {isa = PBXBuildFile; fileRef = DE420F79160AB49300C010F8 /* TexturedSliderThumbN.tiff */; };
		DE420F83160AB49300C010F8 /* TexturedSliderThumbP.tiff in Resources */ = {isa = PBXBuildFile; fileRef = DE420F7A160AB49300C010F8 /* TexturedSliderThumbP.tiff */; };
		DE420F84160AB49300C010F8 /* TexturedSliderTrackFill.tiff in Resources */ = {isa = PBXBuildFile; fileRef = DE420F7B160AB49300C010F8 /* TexturedSliderTrackFill.tiff */; };
		DE420F85160AB49300C010F8 /* TexturedSliderTrackLeft.tiff in Resources */ = {isa = PBXBuildFile; fileRef = DE420F7C160AB49300C010F8 /* TexturedSliderTrackLeft.tiff */; };
		DE420F86160AB49300C010F8 /* TexturedSliderTrackRight.tiff in Resources */ = {isa = PBXBuildFile; fileRef = DE420F7D160AB49300C010F8 /* TexturedSliderTrackRight.tiff */; };
		DE4A6401160900C700825929 /* SQUMDTileRenderView.m in Sources */ = {isa = PBXBuildFile; fileRef = DE4A6400160900C700825929 /* SQUMDTileRenderView.m */; };
		DE9D848316093931003BAD1E /* SQUPaletteRenderView.m in Sources */ = {isa = PBXBuildFile; fileRef = DE9D848216093931003BAD1E /* SQUPaletteRenderView.m */; };
		DE9D848616093ED4003BAD1E /* SQUGradientBar.m in Sources */ = {isa = PBXBuildFile; fileRef = DE9D848516093ED4003BAD1E /* SQUGradientBar.m */; };
		DEB6DE87160A9EEC00D75298 /* SQUMapResizeManager.m in Sources */ = {isa = PBXBuildFile; fileRef = DEB6DE86160A9EEC00D75298 /* SQUMapResizeManager.m */; };
		DEB6DE8B160A9F1600D75298 /* SQUMapResizeManager.xib in Resources */ = {isa = PBXBuildFile; fileRef = DEB6DE8A160A9F1600D75298 /* SQUMapResizeManager.xib */; };
		DED87D20160D39ED00C86B8B /* Sparkle.framework in Frameworks */ = {isa = PBXBuildFile; fileRef = DED87D1F160D39ED00C86B8B /* Sparkle.framework */; };
		DED87D22160D3A2000C86B8B /* Sparkle.framework in Copy Frameworks */ = {isa = PBXBuildFile; fileRef = DED87D21160D3A2000C86B8B /* Sparkle.framework */; };
		DED87D24160D3AC700C86B8B /* prefs-update-toolbar-icon.png in Resources */ = {isa = PBXBuildFile; fileRef = DED87D23160D3AC700C86B8B /* prefs-update-toolbar-icon.png */; };
		DED87D26160D462B00C86B8B /* SQUProjectPaletteDefaults.plist in Resources */ = {isa = PBXBuildFile; fileRef = DED87D25160D462B00C86B8B /* SQUProjectPaletteDefaults.plist */; };
		DEE750C3160BE01100556DCE /* MAAttachedWindow.m in Sources */ = {isa = PBXBuildFile; fileRef = DEE750C2160BE01000556DCE /* MAAttachedWindow.m */; };
		DEE750C6160BED3600556DCE /* SQUMDColourPicker.xib in Resources */ = {isa = PBXBuildFile; fileRef = DEE750C5160BED3600556DCE /* SQUMDColourPicker.xib */; };
		DEE750C9160BEDAF00556DCE /* SQUMDColourPicker.m in Sources */ = {isa = PBXBuildFile; fileRef = DEE750C8160BEDAE00556DCE /* SQUMDColourPicker.m */; };
		DEF1737C160C958500F9A413 /* SQUMainMenuController.m in Sources */ = {isa = PBXBuildFile; fileRef = DEF1737B160C958500F9A413 /* SQUMainMenuController.m */; };
		DEF5FA7C160D1ED100A0E0BE /* NSWindow+NSWindow_SQUCGSPrivateEffects.m in Sources */ = {isa = PBXBuildFile; fileRef = DEF5FA7B160D1ED100A0E0BE /* NSWindow+NSWindow_SQUCGSPrivateEffects.m */; };
		DEF5FA8A160D264000A0E0BE /* SQUPreferenceController.m in Sources */ = {isa = PBXBuildFile; fileRef = DEF5FA89160D264000A0E0BE /* SQUPreferenceController.m */; };
		DEF5FA8C160D264B00A0E0BE /* SQUPreferenceController.xib in Resources */ = {isa = PBXBuildFile; fileRef = DEF5FA8B160D264B00A0E0BE /* SQUPreferenceController.xib */; };
/* End PBXBuildFile section */

/* Begin PBXCopyFilesBuildPhase section */
		DED87D08160D381100C86B8B /* Copy Frameworks */ = {
			isa = PBXCopyFilesBuildPhase;
			buildActionMask = 2147483647;
			dstPath = "";
			dstSubfolderSpec = 10;
			files = (
				DED87D22160D3A2000C86B8B /* Sparkle.framework in Copy Frameworks */,
			);
			name = "Copy Frameworks";
			runOnlyForDeploymentPostprocessing = 0;
		};
/* End PBXCopyFilesBuildPhase section */

/* Begin PBXFileReference section */
		DE08068B160CA02500013DED /* SQUNewProjectController.xib */ = {isa = PBXFileReference; fileEncoding = 4; lastKnownFileType = file.xib; path = SQUNewProjectController.xib; sourceTree = "<group>"; };
		DE08068D160CA03400013DED /* SQUNewProjectController.h */ = {isa = PBXFileReference; fileEncoding = 4; lastKnownFileType = sourcecode.c.h; path = SQUNewProjectController.h; sourceTree = "<group>"; };
		DE08068E160CA03400013DED /* SQUNewProjectController.m */ = {isa = PBXFileReference; fileEncoding = 4; lastKnownFileType = sourcecode.c.objc; path = SQUNewProjectController.m; sourceTree = "<group>"; };
		DE080690160CA13200013DED /* QuartzCore.framework */ = {isa = PBXFileReference; lastKnownFileType = wrapper.framework; name = QuartzCore.framework; path = System/Library/Frameworks/QuartzCore.framework; sourceTree = SDKROOT; };
		DE332C7515FD17CA00096FF5 /* Nametablinator.app */ = {isa = PBXFileReference; explicitFileType = wrapper.application; includeInIndex = 0; path = Nametablinator.app; sourceTree = BUILT_PRODUCTS_DIR; };
		DE332C7915FD17CA00096FF5 /* Cocoa.framework */ = {isa = PBXFileReference; lastKnownFileType = wrapper.framework; name = Cocoa.framework; path = System/Library/Frameworks/Cocoa.framework; sourceTree = SDKROOT; };
		DE332C7C15FD17CA00096FF5 /* AppKit.framework */ = {isa = PBXFileReference; lastKnownFileType = wrapper.framework; name = AppKit.framework; path = System/Library/Frameworks/AppKit.framework; sourceTree = SDKROOT; };
		DE332C7D15FD17CA00096FF5 /* CoreData.framework */ = {isa = PBXFileReference; lastKnownFileType = wrapper.framework; name = CoreData.framework; path = System/Library/Frameworks/CoreData.framework; sourceTree = SDKROOT; };
		DE332C7E15FD17CA00096FF5 /* Foundation.framework */ = {isa = PBXFileReference; lastKnownFileType = wrapper.framework; name = Foundation.framework; path = System/Library/Frameworks/Foundation.framework; sourceTree = SDKROOT; };
		DE332C8115FD17CA00096FF5 /* Nametablinator-Info.plist */ = {isa = PBXFileReference; lastKnownFileType = text.plist.xml; path = "Nametablinator-Info.plist"; sourceTree = "<group>"; };
		DE332C8315FD17CA00096FF5 /* en */ = {isa = PBXFileReference; lastKnownFileType = text.plist.strings; name = en; path = en.lproj/InfoPlist.strings; sourceTree = "<group>"; };
		DE332C8515FD17CA00096FF5 /* main.m */ = {isa = PBXFileReference; lastKnownFileType = sourcecode.c.objc; path = main.m; sourceTree = "<group>"; };
		DE332C8715FD17CA00096FF5 /* Nametablinator-Prefix.pch */ = {isa = PBXFileReference; lastKnownFileType = sourcecode.c.h; path = "Nametablinator-Prefix.pch"; sourceTree = "<group>"; };
		DE332C8915FD17CA00096FF5 /* en */ = {isa = PBXFileReference; lastKnownFileType = text.rtf; name = en; path = en.lproj/Credits.rtf; sourceTree = "<group>"; };
		DE332C8B15FD17CA00096FF5 /* SQUDocument.h */ = {isa = PBXFileReference; lastKnownFileType = sourcecode.c.h; path = SQUDocument.h; sourceTree = "<group>"; };
		DE332C8C15FD17CA00096FF5 /* SQUDocument.m */ = {isa = PBXFileReference; lastKnownFileType = sourcecode.c.objc; path = SQUDocument.m; sourceTree = "<group>"; };
		DE332C8F15FD17CA00096FF5 /* en */ = {isa = PBXFileReference; lastKnownFileType = file.xib; name = en; path = en.lproj/SQUDocument.xib; sourceTree = "<group>"; };
		DE332C9215FD17CB00096FF5 /* en */ = {isa = PBXFileReference; lastKnownFileType = file.xib; name = en; path = en.lproj/MainMenu.xib; sourceTree = "<group>"; };
		DE332C9A15FD1C9500096FF5 /* JUInspectorBaseView.h */ = {isa = PBXFileReference; fileEncoding = 4; lastKnownFileType = sourcecode.c.h; path = JUInspectorBaseView.h; sourceTree = "<group>"; };
		DE332C9B15FD1C9500096FF5 /* JUInspectorBaseView.m */ = {isa = PBXFileReference; fileEncoding = 4; lastKnownFileType = sourcecode.c.objc; path = JUInspectorBaseView.m; sourceTree = "<group>"; };
		DE332C9C15FD1C9500096FF5 /* JUInspectorView.h */ = {isa = PBXFileReference; fileEncoding = 4; lastKnownFileType = sourcecode.c.h; path = JUInspectorView.h; sourceTree = "<group>"; };
		DE332C9D15FD1C9500096FF5 /* JUInspectorView.m */ = {isa = PBXFileReference; fileEncoding = 4; lastKnownFileType = sourcecode.c.objc; path = JUInspectorView.m; sourceTree = "<group>"; };
		DE332C9E15FD1C9500096FF5 /* JUInspectorViewContainer.h */ = {isa = PBXFileReference; fileEncoding = 4; lastKnownFileType = sourcecode.c.h; path = JUInspectorViewContainer.h; sourceTree = "<group>"; };
		DE332C9F15FD1C9500096FF5 /* JUInspectorViewContainer.m */ = {isa = PBXFileReference; fileEncoding = 4; lastKnownFileType = sourcecode.c.objc; path = JUInspectorViewContainer.m; sourceTree = "<group>"; };
		DE332CA015FD1C9500096FF5 /* JUInspectorViewHeader.h */ = {isa = PBXFileReference; fileEncoding = 4; lastKnownFileType = sourcecode.c.h; path = JUInspectorViewHeader.h; sourceTree = "<group>"; };
		DE332CA115FD1C9500096FF5 /* JUInspectorViewHeader.m */ = {isa = PBXFileReference; fileEncoding = 4; lastKnownFileType = sourcecode.c.objc; path = JUInspectorViewHeader.m; sourceTree = "<group>"; };
		DE332CC115FD2CD700096FF5 /* SQUHexadecimalFormatter.h */ = {isa = PBXFileReference; fileEncoding = 4; lastKnownFileType = sourcecode.c.h; path = SQUHexadecimalFormatter.h; sourceTree = "<group>"; };
		DE332CC215FD2CD700096FF5 /* SQUHexadecimalFormatter.m */ = {isa = PBXFileReference; fileEncoding = 4; lastKnownFileType = sourcecode.c.objc; path = SQUHexadecimalFormatter.m; sourceTree = "<group>"; };
		DE3F9651160974EE009005C4 /* NSColor_CheckerboardColor.h */ = {isa = PBXFileReference; fileEncoding = 4; lastKnownFileType = sourcecode.c.h; path = NSColor_CheckerboardColor.h; sourceTree = "<group>"; };
		DE3F9652160974EE009005C4 /* NSColor_CheckerboardColor.m */ = {isa = PBXFileReference; fileEncoding = 4; lastKnownFileType = sourcecode.c.objc; path = NSColor_CheckerboardColor.m; sourceTree = "<group>"; };
		DE420F6F160AB3AE00C010F8 /* BWTexturedSlider.h */ = {isa = PBXFileReference; fileEncoding = 4; lastKnownFileType = sourcecode.c.h; path = BWTexturedSlider.h; sourceTree = "<group>"; };
		DE420F70160AB3AE00C010F8 /* BWTexturedSlider.m */ = {isa = PBXFileReference; fileEncoding = 4; lastKnownFileType = sourcecode.c.objc; path = BWTexturedSlider.m; sourceTree = "<group>"; };
		DE420F71160AB3AE00C010F8 /* BWTexturedSliderCell.h */ = {isa = PBXFileReference; fileEncoding = 4; lastKnownFileType = sourcecode.c.h; path = BWTexturedSliderCell.h; sourceTree = "<group>"; };
		DE420F72160AB3AE00C010F8 /* BWTexturedSliderCell.m */ = {isa = PBXFileReference; fileEncoding = 4; lastKnownFileType = sourcecode.c.objc; path = BWTexturedSliderCell.m; sourceTree = "<group>"; };
		DE420F75160AB49300C010F8 /* TexturedSliderPhotoLarge.tif */ = {isa = PBXFileReference; lastKnownFileType = image.tiff; path = TexturedSliderPhotoLarge.tif; sourceTree = "<group>"; };
		DE420F76160AB49300C010F8 /* TexturedSliderPhotoSmall.tif */ = {isa = PBXFileReference; lastKnownFileType = image.tiff; path = TexturedSliderPhotoSmall.tif; sourceTree = "<group>"; };
		DE420F77160AB49300C010F8 /* TexturedSliderSpeakerLoud.png */ = {isa = PBXFileReference; lastKnownFileType = image.png; path = TexturedSliderSpeakerLoud.png; sourceTree = "<group>"; };
		DE420F78160AB49300C010F8 /* TexturedSliderSpeakerQuiet.png */ = {isa = PBXFileReference; lastKnownFileType = image.png; path = TexturedSliderSpeakerQuiet.png; sourceTree = "<group>"; };
		DE420F79160AB49300C010F8 /* TexturedSliderThumbN.tiff */ = {isa = PBXFileReference; lastKnownFileType = image.tiff; path = TexturedSliderThumbN.tiff; sourceTree = "<group>"; };
		DE420F7A160AB49300C010F8 /* TexturedSliderThumbP.tiff */ = {isa = PBXFileReference; lastKnownFileType = image.tiff; path = TexturedSliderThumbP.tiff; sourceTree = "<group>"; };
		DE420F7B160AB49300C010F8 /* TexturedSliderTrackFill.tiff */ = {isa = PBXFileReference; lastKnownFileType = image.tiff; path = TexturedSliderTrackFill.tiff; sourceTree = "<group>"; };
		DE420F7C160AB49300C010F8 /* TexturedSliderTrackLeft.tiff */ = {isa = PBXFileReference; lastKnownFileType = image.tiff; path = TexturedSliderTrackLeft.tiff; sourceTree = "<group>"; };
		DE420F7D160AB49300C010F8 /* TexturedSliderTrackRight.tiff */ = {isa = PBXFileReference; lastKnownFileType = image.tiff; path = TexturedSliderTrackRight.tiff; sourceTree = "<group>"; };
		DE4A63FF160900C700825929 /* SQUMDTileRenderView.h */ = {isa = PBXFileReference; fileEncoding = 4; lastKnownFileType = sourcecode.c.h; path = SQUMDTileRenderView.h; sourceTree = "<group>"; };
		DE4A6400160900C700825929 /* SQUMDTileRenderView.m */ = {isa = PBXFileReference; fileEncoding = 4; lastKnownFileType = sourcecode.c.objc; path = SQUMDTileRenderView.m; sourceTree = "<group>"; };
		DE9D848116093930003BAD1E /* SQUPaletteRenderView.h */ = {isa = PBXFileReference; fileEncoding = 4; lastKnownFileType = sourcecode.c.h; path = SQUPaletteRenderView.h; sourceTree = "<group>"; };
		DE9D848216093931003BAD1E /* SQUPaletteRenderView.m */ = {isa = PBXFileReference; fileEncoding = 4; lastKnownFileType = sourcecode.c.objc; path = SQUPaletteRenderView.m; sourceTree = "<group>"; };
		DE9D848416093ED4003BAD1E /* SQUGradientBar.h */ = {isa = PBXFileReference; fileEncoding = 4; lastKnownFileType = sourcecode.c.h; path = SQUGradientBar.h; sourceTree = "<group>"; };
		DE9D848516093ED4003BAD1E /* SQUGradientBar.m */ = {isa = PBXFileReference; fileEncoding = 4; lastKnownFileType = sourcecode.c.objc; path = SQUGradientBar.m; sourceTree = "<group>"; };
		DEB6DE85160A9EEC00D75298 /* SQUMapResizeManager.h */ = {isa = PBXFileReference; fileEncoding = 4; lastKnownFileType = sourcecode.c.h; path = SQUMapResizeManager.h; sourceTree = "<group>"; };
		DEB6DE86160A9EEC00D75298 /* SQUMapResizeManager.m */ = {isa = PBXFileReference; fileEncoding = 4; lastKnownFileType = sourcecode.c.objc; path = SQUMapResizeManager.m; sourceTree = "<group>"; };
		DEB6DE8A160A9F1600D75298 /* SQUMapResizeManager.xib */ = {isa = PBXFileReference; fileEncoding = 4; lastKnownFileType = file.xib; path = SQUMapResizeManager.xib; sourceTree = "<group>"; };
		DED87D1F160D39ED00C86B8B /* Sparkle.framework */ = {isa = PBXFileReference; lastKnownFileType = wrapper.framework; path = Sparkle.framework; sourceTree = "<group>"; };
		DED87D21160D3A2000C86B8B /* Sparkle.framework */ = {isa = PBXFileReference; lastKnownFileType = wrapper.framework; path = Sparkle.framework; sourceTree = "<group>"; };
		DED87D23160D3AC700C86B8B /* prefs-update-toolbar-icon.png */ = {isa = PBXFileReference; lastKnownFileType = image.png; path = "prefs-update-toolbar-icon.png"; sourceTree = "<group>"; };
		DED87D25160D462B00C86B8B /* SQUProjectPaletteDefaults.plist */ = {isa = PBXFileReference; fileEncoding = 4; lastKnownFileType = text.plist.xml; path = SQUProjectPaletteDefaults.plist; sourceTree = "<group>"; };
		DEE750C1160BE01000556DCE /* MAAttachedWindow.h */ = {isa = PBXFileReference; fileEncoding = 4; lastKnownFileType = sourcecode.c.h; path = MAAttachedWindow.h; sourceTree = "<group>"; };
		DEE750C2160BE01000556DCE /* MAAttachedWindow.m */ = {isa = PBXFileReference; fileEncoding = 4; lastKnownFileType = sourcecode.c.objc; path = MAAttachedWindow.m; sourceTree = "<group>"; };
		DEE750C5160BED3600556DCE /* SQUMDColourPicker.xib */ = {isa = PBXFileReference; fileEncoding = 4; lastKnownFileType = file.xib; path = SQUMDColourPicker.xib; sourceTree = "<group>"; };
		DEE750C7160BEDAE00556DCE /* SQUMDColourPicker.h */ = {isa = PBXFileReference; fileEncoding = 4; lastKnownFileType = sourcecode.c.h; path = SQUMDColourPicker.h; sourceTree = "<group>"; };
		DEE750C8160BEDAE00556DCE /* SQUMDColourPicker.m */ = {isa = PBXFileReference; fileEncoding = 4; lastKnownFileType = sourcecode.c.objc; path = SQUMDColourPicker.m; sourceTree = "<group>"; };
		DEF1737A160C958500F9A413 /* SQUMainMenuController.h */ = {isa = PBXFileReference; fileEncoding = 4; lastKnownFileType = sourcecode.c.h; path = SQUMainMenuController.h; sourceTree = "<group>"; };
		DEF1737B160C958500F9A413 /* SQUMainMenuController.m */ = {isa = PBXFileReference; fileEncoding = 4; lastKnownFileType = sourcecode.c.objc; path = SQUMainMenuController.m; sourceTree = "<group>"; };
		DEF5FA77160D1E3C00A0E0BE /* CGSPrivate.h */ = {isa = PBXFileReference; fileEncoding = 4; lastKnownFileType = sourcecode.c.h; path = CGSPrivate.h; sourceTree = "<group>"; };
		DEF5FA7A160D1ED100A0E0BE /* NSWindow+NSWindow_SQUCGSPrivateEffects.h */ = {isa = PBXFileReference; fileEncoding = 4; lastKnownFileType = sourcecode.c.h; path = "NSWindow+NSWindow_SQUCGSPrivateEffects.h"; sourceTree = "<group>"; };
		DEF5FA7B160D1ED100A0E0BE /* NSWindow+NSWindow_SQUCGSPrivateEffects.m */ = {isa = PBXFileReference; fileEncoding = 4; lastKnownFileType = sourcecode.c.objc; path = "NSWindow+NSWindow_SQUCGSPrivateEffects.m"; sourceTree = "<group>"; };
		DEF5FA88160D264000A0E0BE /* SQUPreferenceController.h */ = {isa = PBXFileReference; fileEncoding = 4; lastKnownFileType = sourcecode.c.h; path = SQUPreferenceController.h; sourceTree = "<group>"; };
		DEF5FA89160D264000A0E0BE /* SQUPreferenceController.m */ = {isa = PBXFileReference; fileEncoding = 4; lastKnownFileType = sourcecode.c.objc; path = SQUPreferenceController.m; sourceTree = "<group>"; };
		DEF5FA8B160D264B00A0E0BE /* SQUPreferenceController.xib */ = {isa = PBXFileReference; fileEncoding = 4; lastKnownFileType = file.xib; path = SQUPreferenceController.xib; sourceTree = "<group>"; };
/* End PBXFileReference section */

/* Begin PBXFrameworksBuildPhase section */
		DE332C7215FD17CA00096FF5 /* Frameworks */ = {
			isa = PBXFrameworksBuildPhase;
			buildActionMask = 2147483647;
			files = (
				DE080691160CA13200013DED /* QuartzCore.framework in Frameworks */,
				DE332C7A15FD17CA00096FF5 /* Cocoa.framework in Frameworks */,
				DED87D20160D39ED00C86B8B /* Sparkle.framework in Frameworks */,
			);
			runOnlyForDeploymentPostprocessing = 0;
		};
/* End PBXFrameworksBuildPhase section */

/* Begin PBXGroup section */
		DE332C6A15FD17CA00096FF5 = {
			isa = PBXGroup;
			children = (
				DED87D21160D3A2000C86B8B /* Sparkle.framework */,
				DE080690160CA13200013DED /* QuartzCore.framework */,
				DE332C7F15FD17CA00096FF5 /* Nametablinator */,
				DE332C7815FD17CA00096FF5 /* Frameworks */,
				DE332C7615FD17CA00096FF5 /* Products */,
			);
			sourceTree = "<group>";
		};
		DE332C7615FD17CA00096FF5 /* Products */ = {
			isa = PBXGroup;
			children = (
				DE332C7515FD17CA00096FF5 /* Nametablinator.app */,
			);
			name = Products;
			sourceTree = "<group>";
		};
		DE332C7815FD17CA00096FF5 /* Frameworks */ = {
			isa = PBXGroup;
			children = (
				DED87D1F160D39ED00C86B8B /* Sparkle.framework */,
				DE332C7915FD17CA00096FF5 /* Cocoa.framework */,
				DE332C7B15FD17CA00096FF5 /* Other Frameworks */,
			);
			name = Frameworks;
			sourceTree = "<group>";
		};
		DE332C7B15FD17CA00096FF5 /* Other Frameworks */ = {
			isa = PBXGroup;
			children = (
				DE332C7C15FD17CA00096FF5 /* AppKit.framework */,
				DE332C7D15FD17CA00096FF5 /* CoreData.framework */,
				DE332C7E15FD17CA00096FF5 /* Foundation.framework */,
			);
			name = "Other Frameworks";
			sourceTree = "<group>";
		};
		DE332C7F15FD17CA00096FF5 /* Nametablinator */ = {
			isa = PBXGroup;
			children = (
				DEF5FA87160D263200A0E0BE /* Preferences */,
				DEF5FA79160D1EB400A0E0BE /* CoreGraphics stuff */,
				DEF17373160C925A00F9A413 /* New Project assistant */,
				DEE750C1160BE01000556DCE /* MAAttachedWindow.h */,
				DEE750C2160BE01000556DCE /* MAAttachedWindow.m */,
				DE420F6D160AB3A500C010F8 /* BWToolkit */,
				DE3F9651160974EE009005C4 /* NSColor_CheckerboardColor.h */,
				DE3F9652160974EE009005C4 /* NSColor_CheckerboardColor.m */,
				DE4A6403160900D500825929 /* MD Data Interpreters/Renderers */,
				DE332C9915FD1C9500096FF5 /* JUInspectorView */,
				DEB6DE89160A9EF500D75298 /* Resizing Manager */,
				DE332CC115FD2CD700096FF5 /* SQUHexadecimalFormatter.h */,
				DE332CC215FD2CD700096FF5 /* SQUHexadecimalFormatter.m */,
				DE332C8B15FD17CA00096FF5 /* SQUDocument.h */,
				DE332C8C15FD17CA00096FF5 /* SQUDocument.m */,
				DE332C8E15FD17CA00096FF5 /* SQUDocument.xib */,
				DE332C9115FD17CB00096FF5 /* MainMenu.xib */,
				DEF1737A160C958500F9A413 /* SQUMainMenuController.h */,
				DEF1737B160C958500F9A413 /* SQUMainMenuController.m */,
				DE332C8015FD17CA00096FF5 /* Supporting Files */,
			);
			path = Nametablinator;
			sourceTree = "<group>";
		};
		DE332C8015FD17CA00096FF5 /* Supporting Files */ = {
			isa = PBXGroup;
			children = (
				DED87D23160D3AC700C86B8B /* prefs-update-toolbar-icon.png */,
				DE420F75160AB49300C010F8 /* TexturedSliderPhotoLarge.tif */,
				DE420F76160AB49300C010F8 /* TexturedSliderPhotoSmall.tif */,
				DE420F77160AB49300C010F8 /* TexturedSliderSpeakerLoud.png */,
				DE420F78160AB49300C010F8 /* TexturedSliderSpeakerQuiet.png */,
				DE420F79160AB49300C010F8 /* TexturedSliderThumbN.tiff */,
				DE420F7A160AB49300C010F8 /* TexturedSliderThumbP.tiff */,
				DE420F7B160AB49300C010F8 /* TexturedSliderTrackFill.tiff */,
				DE420F7C160AB49300C010F8 /* TexturedSliderTrackLeft.tiff */,
				DE420F7D160AB49300C010F8 /* TexturedSliderTrackRight.tiff */,
				DE332C8115FD17CA00096FF5 /* Nametablinator-Info.plist */,
				DE332C8215FD17CA00096FF5 /* InfoPlist.strings */,
				DE332C8515FD17CA00096FF5 /* main.m */,
				DE332C8715FD17CA00096FF5 /* Nametablinator-Prefix.pch */,
				DE332C8815FD17CA00096FF5 /* Credits.rtf */,
			);
			name = "Supporting Files";
			sourceTree = "<group>";
		};
		DE332C9915FD1C9500096FF5 /* JUInspectorView */ = {
			isa = PBXGroup;
			children = (
				DE332C9A15FD1C9500096FF5 /* JUInspectorBaseView.h */,
				DE332C9B15FD1C9500096FF5 /* JUInspectorBaseView.m */,
				DE332C9C15FD1C9500096FF5 /* JUInspectorView.h */,
				DE332C9D15FD1C9500096FF5 /* JUInspectorView.m */,
				DE332C9E15FD1C9500096FF5 /* JUInspectorViewContainer.h */,
				DE332C9F15FD1C9500096FF5 /* JUInspectorViewContainer.m */,
				DE332CA015FD1C9500096FF5 /* JUInspectorViewHeader.h */,
				DE332CA115FD1C9500096FF5 /* JUInspectorViewHeader.m */,
			);
			name = JUInspectorView;
			path = JUInspectorView/Source;
			sourceTree = SOURCE_ROOT;
		};
		DE420F6D160AB3A500C010F8 /* BWToolkit */ = {
			isa = PBXGroup;
			children = (
				DE420F6F160AB3AE00C010F8 /* BWTexturedSlider.h */,
				DE420F70160AB3AE00C010F8 /* BWTexturedSlider.m */,
				DE420F71160AB3AE00C010F8 /* BWTexturedSliderCell.h */,
				DE420F72160AB3AE00C010F8 /* BWTexturedSliderCell.m */,
			);
			name = BWToolkit;
			sourceTree = "<group>";
		};
		DE4A6403160900D500825929 /* MD Data Interpreters/Renderers */ = {
			isa = PBXGroup;
			children = (
				DE4A63FF160900C700825929 /* SQUMDTileRenderView.h */,
				DE4A6400160900C700825929 /* SQUMDTileRenderView.m */,
				DE9D848116093930003BAD1E /* SQUPaletteRenderView.h */,
				DE9D848216093931003BAD1E /* SQUPaletteRenderView.m */,
				DE9D848416093ED4003BAD1E /* SQUGradientBar.h */,
				DE9D848516093ED4003BAD1E /* SQUGradientBar.m */,
				DEE750C5160BED3600556DCE /* SQUMDColourPicker.xib */,
				DEE750C7160BEDAE00556DCE /* SQUMDColourPicker.h */,
				DEE750C8160BEDAE00556DCE /* SQUMDColourPicker.m */,
			);
			name = "MD Data Interpreters/Renderers";
			sourceTree = "<group>";
		};
		DEB6DE89160A9EF500D75298 /* Resizing Manager */ = {
			isa = PBXGroup;
			children = (
				DEB6DE85160A9EEC00D75298 /* SQUMapResizeManager.h */,
				DEB6DE86160A9EEC00D75298 /* SQUMapResizeManager.m */,
				DEB6DE8A160A9F1600D75298 /* SQUMapResizeManager.xib */,
			);
			name = "Resizing Manager";
			sourceTree = "<group>";
		};
		DEF17373160C925A00F9A413 /* New Project assistant */ = {
			isa = PBXGroup;
			children = (
				DE08068B160CA02500013DED /* SQUNewProjectController.xib */,
				DE08068D160CA03400013DED /* SQUNewProjectController.h */,
				DE08068E160CA03400013DED /* SQUNewProjectController.m */,
				DED87D25160D462B00C86B8B /* SQUProjectPaletteDefaults.plist */,
			);
			name = "New Project assistant";
			sourceTree = "<group>";
		};
		DEF5FA79160D1EB400A0E0BE /* CoreGraphics stuff */ = {
			isa = PBXGroup;
			children = (
				DEF5FA77160D1E3C00A0E0BE /* CGSPrivate.h */,
				DEF5FA7A160D1ED100A0E0BE /* NSWindow+NSWindow_SQUCGSPrivateEffects.h */,
				DEF5FA7B160D1ED100A0E0BE /* NSWindow+NSWindow_SQUCGSPrivateEffects.m */,
			);
			name = "CoreGraphics stuff";
			sourceTree = "<group>";
		};
		DEF5FA87160D263200A0E0BE /* Preferences */ = {
			isa = PBXGroup;
			children = (
				DEF5FA88160D264000A0E0BE /* SQUPreferenceController.h */,
				DEF5FA89160D264000A0E0BE /* SQUPreferenceController.m */,
				DEF5FA8B160D264B00A0E0BE /* SQUPreferenceController.xib */,
			);
			name = Preferences;
			sourceTree = "<group>";
		};
/* End PBXGroup section */

/* Begin PBXNativeTarget section */
		DE332C7415FD17CA00096FF5 /* Nametablinator */ = {
			isa = PBXNativeTarget;
			buildConfigurationList = DE332C9615FD17CB00096FF5 /* Build configuration list for PBXNativeTarget "Nametablinator" */;
			buildPhases = (
				DE332C7115FD17CA00096FF5 /* Sources */,
				DE332C7215FD17CA00096FF5 /* Frameworks */,
				DE332C7315FD17CA00096FF5 /* Resources */,
				DED87D08160D381100C86B8B /* Copy Frameworks */,
			);
			buildRules = (
			);
			dependencies = (
			);
			name = Nametablinator;
			productName = Nametablinator;
			productReference = DE332C7515FD17CA00096FF5 /* Nametablinator.app */;
			productType = "com.apple.product-type.application";
		};
/* End PBXNativeTarget section */

/* Begin PBXProject section */
		DE332C6C15FD17CA00096FF5 /* Project object */ = {
			isa = PBXProject;
			attributes = {
				CLASSPREFIX = SQU;
				LastUpgradeCheck = 0440;
				ORGANIZATIONNAME = "Tristan Seifert";
			};
			buildConfigurationList = DE332C6F15FD17CA00096FF5 /* Build configuration list for PBXProject "Nametablinator" */;
			compatibilityVersion = "Xcode 3.2";
			developmentRegion = English;
			hasScannedForEncodings = 0;
			knownRegions = (
				en,
			);
			mainGroup = DE332C6A15FD17CA00096FF5;
			productRefGroup = DE332C7615FD17CA00096FF5 /* Products */;
			projectDirPath = "";
			projectRoot = "";
			targets = (
				DE332C7415FD17CA00096FF5 /* Nametablinator */,
			);
		};
/* End PBXProject section */

/* Begin PBXResourcesBuildPhase section */
		DE332C7315FD17CA00096FF5 /* Resources */ = {
			isa = PBXResourcesBuildPhase;
			buildActionMask = 2147483647;
			files = (
				DE332C8415FD17CA00096FF5 /* InfoPlist.strings in Resources */,
				DE332C8A15FD17CA00096FF5 /* Credits.rtf in Resources */,
				DE332C9015FD17CA00096FF5 /* SQUDocument.xib in Resources */,
				DE332C9315FD17CB00096FF5 /* MainMenu.xib in Resources */,
				DEB6DE8B160A9F1600D75298 /* SQUMapResizeManager.xib in Resources */,
				DE420F7E160AB49300C010F8 /* TexturedSliderPhotoLarge.tif in Resources */,
				DE420F7F160AB49300C010F8 /* TexturedSliderPhotoSmall.tif in Resources */,
				DE420F80160AB49300C010F8 /* TexturedSliderSpeakerLoud.png in Resources */,
				DE420F81160AB49300C010F8 /* TexturedSliderSpeakerQuiet.png in Resources */,
				DE420F82160AB49300C010F8 /* TexturedSliderThumbN.tiff in Resources */,
				DE420F83160AB49300C010F8 /* TexturedSliderThumbP.tiff in Resources */,
				DE420F84160AB49300C010F8 /* TexturedSliderTrackFill.tiff in Resources */,
				DE420F85160AB49300C010F8 /* TexturedSliderTrackLeft.tiff in Resources */,
				DE420F86160AB49300C010F8 /* TexturedSliderTrackRight.tiff in Resources */,
				DEE750C6160BED3600556DCE /* SQUMDColourPicker.xib in Resources */,
				DE08068C160CA02500013DED /* SQUNewProjectController.xib in Resources */,
				DEF5FA8C160D264B00A0E0BE /* SQUPreferenceController.xib in Resources */,
				DED87D24160D3AC700C86B8B /* prefs-update-toolbar-icon.png in Resources */,
				DED87D26160D462B00C86B8B /* SQUProjectPaletteDefaults.plist in Resources */,
			);
			runOnlyForDeploymentPostprocessing = 0;
		};
/* End PBXResourcesBuildPhase section */

/* Begin PBXSourcesBuildPhase section */
		DE332C7115FD17CA00096FF5 /* Sources */ = {
			isa = PBXSourcesBuildPhase;
			buildActionMask = 2147483647;
			files = (
				DE332C8615FD17CA00096FF5 /* main.m in Sources */,
				DE332C8D15FD17CA00096FF5 /* SQUDocument.m in Sources */,
				DE332CA215FD1C9500096FF5 /* JUInspectorBaseView.m in Sources */,
				DE332CA315FD1C9500096FF5 /* JUInspectorView.m in Sources */,
				DE332CA415FD1C9500096FF5 /* JUInspectorViewContainer.m in Sources */,
				DE332CA515FD1C9500096FF5 /* JUInspectorViewHeader.m in Sources */,
				DE332CC315FD2CD700096FF5 /* SQUHexadecimalFormatter.m in Sources */,
				DE4A6401160900C700825929 /* SQUMDTileRenderView.m in Sources */,
				DE9D848316093931003BAD1E /* SQUPaletteRenderView.m in Sources */,
				DE9D848616093ED4003BAD1E /* SQUGradientBar.m in Sources */,
				DE3F9653160974EE009005C4 /* NSColor_CheckerboardColor.m in Sources */,
				DEB6DE87160A9EEC00D75298 /* SQUMapResizeManager.m in Sources */,
				DE420F73160AB3AE00C010F8 /* BWTexturedSlider.m in Sources */,
				DE420F74160AB3AE00C010F8 /* BWTexturedSliderCell.m in Sources */,
				DEE750C3160BE01100556DCE /* MAAttachedWindow.m in Sources */,
				DEE750C9160BEDAF00556DCE /* SQUMDColourPicker.m in Sources */,
				DEF1737C160C958500F9A413 /* SQUMainMenuController.m in Sources */,
				DE08068F160CA03400013DED /* SQUNewProjectController.m in Sources */,
				DEF5FA7C160D1ED100A0E0BE /* NSWindow+NSWindow_SQUCGSPrivateEffects.m in Sources */,
				DEF5FA8A160D264000A0E0BE /* SQUPreferenceController.m in Sources */,
			);
			runOnlyForDeploymentPostprocessing = 0;
		};
/* End PBXSourcesBuildPhase section */

/* Begin PBXVariantGroup section */
		DE332C8215FD17CA00096FF5 /* InfoPlist.strings */ = {
			isa = PBXVariantGroup;
			children = (
				DE332C8315FD17CA00096FF5 /* en */,
			);
			name = InfoPlist.strings;
			sourceTree = "<group>";
		};
		DE332C8815FD17CA00096FF5 /* Credits.rtf */ = {
			isa = PBXVariantGroup;
			children = (
				DE332C8915FD17CA00096FF5 /* en */,
			);
			name = Credits.rtf;
			sourceTree = "<group>";
		};
		DE332C8E15FD17CA00096FF5 /* SQUDocument.xib */ = {
			isa = PBXVariantGroup;
			children = (
				DE332C8F15FD17CA00096FF5 /* en */,
			);
			name = SQUDocument.xib;
			sourceTree = "<group>";
		};
		DE332C9115FD17CB00096FF5 /* MainMenu.xib */ = {
			isa = PBXVariantGroup;
			children = (
				DE332C9215FD17CB00096FF5 /* en */,
			);
			name = MainMenu.xib;
			sourceTree = "<group>";
		};
/* End PBXVariantGroup section */

/* Begin XCBuildConfiguration section */
		DE332C9415FD17CB00096FF5 /* Debug */ = {
			isa = XCBuildConfiguration;
			buildSettings = {
				ALWAYS_SEARCH_USER_PATHS = NO;
				ARCHS = "$(ARCHS_STANDARD_32_64_BIT)";
				CLANG_CXX_LANGUAGE_STANDARD = "gnu++0x";
				CLANG_WARN__DUPLICATE_METHOD_MATCH = YES;
				COPY_PHASE_STRIP = NO;
				GCC_C_LANGUAGE_STANDARD = gnu99;
				GCC_DYNAMIC_NO_PIC = NO;
				GCC_ENABLE_OBJC_EXCEPTIONS = YES;
				GCC_OPTIMIZATION_LEVEL = 0;
				GCC_PREPROCESSOR_DEFINITIONS = (
					"DEBUG=1",
					"$(inherited)",
				);
				GCC_SYMBOLS_PRIVATE_EXTERN = NO;
				GCC_WARN_64_TO_32_BIT_CONVERSION = YES;
				GCC_WARN_ABOUT_RETURN_TYPE = YES;
				GCC_WARN_UNINITIALIZED_AUTOS = YES;
				GCC_WARN_UNUSED_VARIABLE = YES;
				MACOSX_DEPLOYMENT_TARGET = 10.7;
				ONLY_ACTIVE_ARCH = YES;
				SDKROOT = macosx10.6;
			};
			name = Debug;
		};
		DE332C9515FD17CB00096FF5 /* Release */ = {
			isa = XCBuildConfiguration;
			buildSettings = {
				ALWAYS_SEARCH_USER_PATHS = NO;
				ARCHS = "$(ARCHS_STANDARD_32_64_BIT)";
				CLANG_CXX_LANGUAGE_STANDARD = "gnu++0x";
				CLANG_WARN__DUPLICATE_METHOD_MATCH = YES;
				COPY_PHASE_STRIP = YES;
				DEBUG_INFORMATION_FORMAT = "dwarf-with-dsym";
				GCC_C_LANGUAGE_STANDARD = gnu99;
				GCC_ENABLE_OBJC_EXCEPTIONS = YES;
				GCC_WARN_64_TO_32_BIT_CONVERSION = YES;
				GCC_WARN_ABOUT_RETURN_TYPE = YES;
				GCC_WARN_UNINITIALIZED_AUTOS = YES;
				GCC_WARN_UNUSED_VARIABLE = YES;
				MACOSX_DEPLOYMENT_TARGET = 10.7;
				SDKROOT = macosx10.6;
			};
			name = Release;
		};
		DE332C9715FD17CB00096FF5 /* Debug */ = {
			isa = XCBuildConfiguration;
			buildSettings = {
				ARCHS = "$(ARCHS_STANDARD_32_64_BIT)";
				COMBINE_HIDPI_IMAGES = YES;
				FRAMEWORK_SEARCH_PATHS = (
					"$(inherited)",
					"\"$(SRCROOT)\"",
				);
				GCC_PRECOMPILE_PREFIX_HEADER = YES;
				GCC_PREFIX_HEADER = "Nametablinator/Nametablinator-Prefix.pch";
				INFOPLIST_FILE = "Nametablinator/Nametablinator-Info.plist";
				MACOSX_DEPLOYMENT_TARGET = 10.6;
				PRODUCT_NAME = "$(TARGET_NAME)";
				SDKROOT = macosx10.6;
				WRAPPER_EXTENSION = app;
			};
			name = Debug;
		};
		DE332C9815FD17CB00096FF5 /* Release */ = {
			isa = XCBuildConfiguration;
			buildSettings = {
				ARCHS = "$(ARCHS_STANDARD_32_64_BIT)";
				COMBINE_HIDPI_IMAGES = YES;
				FRAMEWORK_SEARCH_PATHS = (
					"$(inherited)",
					"\"$(SRCROOT)\"",
				);
				GCC_PRECOMPILE_PREFIX_HEADER = YES;
				GCC_PREFIX_HEADER = "Nametablinator/Nametablinator-Prefix.pch";
				INFOPLIST_FILE = "Nametablinator/Nametablinator-Info.plist";
				MACOSX_DEPLOYMENT_TARGET = 10.6;
				PRODUCT_NAME = "$(TARGET_NAME)";
				SDKROOT = macosx10.6;
				WRAPPER_EXTENSION = app;
			};
			name = Release;
		};
/* End XCBuildConfiguration section */

/* Begin XCConfigurationList section */
		DE332C6F15FD17CA00096FF5 /* Build configuration list for PBXProject "Nametablinator" */ = {
			isa = XCConfigurationList;
			buildConfigurations = (
				DE332C9415FD17CB00096FF5 /* Debug */,
				DE332C9515FD17CB00096FF5 /* Release */,
			);
			defaultConfigurationIsVisible = 0;
			defaultConfigurationName = Release;
		};
		DE332C9615FD17CB00096FF5 /* Build configuration list for PBXNativeTarget "Nametablinator" */ = {
			isa = XCConfigurationList;
			buildConfigurations = (
				DE332C9715FD17CB00096FF5 /* Debug */,
				DE332C9815FD17CB00096FF5 /* Release */,
			);
			defaultConfigurationIsVisible = 0;
			defaultConfigurationName = Release;
		};
/* End XCConfigurationList section */
	};
	rootObject = DE332C6C15FD17CA00096FF5 /* Project object */;
}
