// !$*UTF8*$!
{
	archiveVersion = 1;
	classes = {
	};
	objectVersion = 46;
	objects = {

/* Begin PBXFileReference section */
		DE40841F1610881B00B80E6A /* .cvsignore */ = {isa = PBXFileReference; lastKnownFileType = text; path = .cvsignore; sourceTree = "<group>"; };
		DE4084201610881B00B80E6A /* .depend */ = {isa = PBXFileReference; lastKnownFileType = text; path = .depend; sourceTree = "<group>"; };
		DE4084211610881B00B80E6A /* .shared */ = {isa = PBXFileReference; lastKnownFileType = text; path = .shared; sourceTree = "<group>"; };
		DE4084221610881B00B80E6A /* aclocal.m4 */ = {isa = PBXFileReference; lastKnownFileType = text; path = aclocal.m4; sourceTree = "<group>"; };
		DE4084231610881B00B80E6A /* afterbase.c */ = {isa = PBXFileReference; lastKnownFileType = sourcecode.c.c; path = afterbase.c; sourceTree = "<group>"; };
		DE4084241610881B00B80E6A /* afterbase.h.in */ = {isa = PBXFileReference; lastKnownFileType = text; path = afterbase.h.in; sourceTree = "<group>"; };
		DE4084251610881B00B80E6A /* afterimage-config.in */ = {isa = PBXFileReference; lastKnownFileType = text.script.sh; path = "afterimage-config.in"; sourceTree = "<group>"; };
		DE4084261610881B00B80E6A /* afterimage-libs.in */ = {isa = PBXFileReference; lastKnownFileType = text.script.sh; path = "afterimage-libs.in"; sourceTree = "<group>"; };
		DE4084271610881B00B80E6A /* afterimage.h */ = {isa = PBXFileReference; lastKnownFileType = sourcecode.c.h; path = afterimage.h; sourceTree = "<group>"; };
		DE4084281610881B00B80E6A /* aftershow */ = {isa = PBXFileReference; lastKnownFileType = folder; path = aftershow; sourceTree = "<group>"; };
		DE4084291610881B00B80E6A /* apps */ = {isa = PBXFileReference; lastKnownFileType = folder; path = apps; sourceTree = "<group>"; };
		DE40842A1610881B00B80E6A /* ascmap.c */ = {isa = PBXFileReference; lastKnownFileType = sourcecode.c.c; path = ascmap.c; sourceTree = "<group>"; };
		DE40842B1610881B00B80E6A /* ascmap.h */ = {isa = PBXFileReference; lastKnownFileType = sourcecode.c.h; path = ascmap.h; sourceTree = "<group>"; };
		DE40842C1610881B00B80E6A /* asfont.c */ = {isa = PBXFileReference; lastKnownFileType = sourcecode.c.c; path = asfont.c; sourceTree = "<group>"; };
		DE40842D1610881B00B80E6A /* asfont.h */ = {isa = PBXFileReference; lastKnownFileType = sourcecode.c.h; path = asfont.h; sourceTree = "<group>"; };
		DE40842E1610881B00B80E6A /* asim_afterbase.h */ = {isa = PBXFileReference; lastKnownFileType = sourcecode.c.h; path = asim_afterbase.h; sourceTree = "<group>"; };
		DE40842F1610881B00B80E6A /* asimage.c */ = {isa = PBXFileReference; lastKnownFileType = sourcecode.c.c; path = asimage.c; sourceTree = "<group>"; };
		DE4084301610881B00B80E6A /* asimage.h */ = {isa = PBXFileReference; lastKnownFileType = sourcecode.c.h; path = asimage.h; sourceTree = "<group>"; };
		DE4084311610881B00B80E6A /* asimagexml.c */ = {isa = PBXFileReference; lastKnownFileType = sourcecode.c.c; path = asimagexml.c; sourceTree = "<group>"; };
		DE4084321610881B00B80E6A /* asimagexml.h */ = {isa = PBXFileReference; lastKnownFileType = sourcecode.c.h; path = asimagexml.h; sourceTree = "<group>"; };
		DE4084331610881B00B80E6A /* asstorage.c */ = {isa = PBXFileReference; lastKnownFileType = sourcecode.c.c; path = asstorage.c; sourceTree = "<group>"; };
		DE4084341610881B00B80E6A /* asstorage.h */ = {isa = PBXFileReference; lastKnownFileType = sourcecode.c.h; path = asstorage.h; sourceTree = "<group>"; };
		DE4084351610881B00B80E6A /* asvisual.c */ = {isa = PBXFileReference; lastKnownFileType = sourcecode.c.c; path = asvisual.c; sourceTree = "<group>"; };
		DE4084361610881B00B80E6A /* asvisual.h */ = {isa = PBXFileReference; lastKnownFileType = sourcecode.c.h; path = asvisual.h; sourceTree = "<group>"; };
		DE4084371610881B00B80E6A /* blender.c */ = {isa = PBXFileReference; lastKnownFileType = sourcecode.c.c; path = blender.c; sourceTree = "<group>"; };
		DE4084381610881B00B80E6A /* blender.h */ = {isa = PBXFileReference; lastKnownFileType = sourcecode.c.h; path = blender.h; sourceTree = "<group>"; };
		DE4084391610881B00B80E6A /* bmp.c */ = {isa = PBXFileReference; lastKnownFileType = sourcecode.c.c; path = bmp.c; sourceTree = "<group>"; };
		DE40843A1610881B00B80E6A /* bmp.h */ = {isa = PBXFileReference; lastKnownFileType = sourcecode.c.h; path = bmp.h; sourceTree = "<group>"; };
		DE40843B1610881B00B80E6A /* ChangeLog */ = {isa = PBXFileReference; lastKnownFileType = text; path = ChangeLog; sourceTree = "<group>"; };
		DE40843C1610881B00B80E6A /* char2uni.c */ = {isa = PBXFileReference; lastKnownFileType = sourcecode.c.c; path = char2uni.c; sourceTree = "<group>"; };
		DE40843D1610881B00B80E6A /* char2uni.h */ = {isa = PBXFileReference; lastKnownFileType = sourcecode.c.h; path = char2uni.h; sourceTree = "<group>"; };
		DE40843E1610881B00B80E6A /* colornames.h */ = {isa = PBXFileReference; lastKnownFileType = sourcecode.c.h; path = colornames.h; sourceTree = "<group>"; };
		DE40843F1610881B00B80E6A /* config.guess */ = {isa = PBXFileReference; lastKnownFileType = text.script.sh; path = config.guess; sourceTree = "<group>"; };
		DE4084401610881B00B80E6A /* config.h.in */ = {isa = PBXFileReference; lastKnownFileType = text; path = config.h.in; sourceTree = "<group>"; };
		DE4084411610881B00B80E6A /* config.sub */ = {isa = PBXFileReference; lastKnownFileType = text.script.sh; path = config.sub; sourceTree = "<group>"; };
		DE4084421610881B00B80E6A /* configure */ = {isa = PBXFileReference; lastKnownFileType = text.script.sh; path = configure; sourceTree = "<group>"; };
		DE4084431610881B00B80E6A /* configure.in */ = {isa = PBXFileReference; lastKnownFileType = text; path = configure.in; sourceTree = "<group>"; };
		DE4084441610881B00B80E6A /* draw.c */ = {isa = PBXFileReference; lastKnownFileType = sourcecode.c.c; path = draw.c; sourceTree = "<group>"; };
		DE4084451610881B00B80E6A /* draw.h */ = {isa = PBXFileReference; lastKnownFileType = sourcecode.c.h; path = draw.h; sourceTree = "<group>"; };
		DE4084461610881B00B80E6A /* export.c */ = {isa = PBXFileReference; lastKnownFileType = sourcecode.c.c; path = export.c; sourceTree = "<group>"; };
		DE4084471610881B00B80E6A /* export.h */ = {isa = PBXFileReference; lastKnownFileType = sourcecode.c.h; path = export.h; sourceTree = "<group>"; };
		DE4084481610881B00B80E6A /* imencdec.c */ = {isa = PBXFileReference; lastKnownFileType = sourcecode.c.c; path = imencdec.c; sourceTree = "<group>"; };
		DE4084491610881B00B80E6A /* imencdec.h */ = {isa = PBXFileReference; lastKnownFileType = sourcecode.c.h; path = imencdec.h; sourceTree = "<group>"; };
		DE40844A1610881B00B80E6A /* import.c */ = {isa = PBXFileReference; lastKnownFileType = sourcecode.c.c; path = import.c; sourceTree = "<group>"; };
		DE40844B1610881B00B80E6A /* import.h */ = {isa = PBXFileReference; lastKnownFileType = sourcecode.c.h; path = import.h; sourceTree = "<group>"; };
		DE40844C1610881B00B80E6A /* install-sh */ = {isa = PBXFileReference; lastKnownFileType = text.script.sh; path = "install-sh"; sourceTree = "<group>"; };
		DE40844D1610881B00B80E6A /* libAfterImage.dsp */ = {isa = PBXFileReference; lastKnownFileType = text; path = libAfterImage.dsp; sourceTree = "<group>"; };
		DE40844E1610881B00B80E6A /* libAfterImage.dsw */ = {isa = PBXFileReference; lastKnownFileType = text; path = libAfterImage.dsw; sourceTree = "<group>"; };
		DE40844F1610881B00B80E6A /* libAfterImage.mak */ = {isa = PBXFileReference; lastKnownFileType = sourcecode.make; path = libAfterImage.mak; sourceTree = "<group>"; };
		DE4084501610881B00B80E6A /* libjpeg */ = {isa = PBXFileReference; lastKnownFileType = folder; path = libjpeg; sourceTree = "<group>"; };
		DE4084511610881B00B80E6A /* libpng */ = {isa = PBXFileReference; lastKnownFileType = folder; path = libpng; sourceTree = "<group>"; };
		DE4084521610881B00B80E6A /* libungif */ = {isa = PBXFileReference; lastKnownFileType = folder; path = libungif; sourceTree = "<group>"; };
		DE4084531610881B00B80E6A /* Makefile.in */ = {isa = PBXFileReference; lastKnownFileType = text; path = Makefile.in; sourceTree = "<group>"; };
		DE4084541610881B00B80E6A /* pixmap.c */ = {isa = PBXFileReference; lastKnownFileType = sourcecode.c.c; path = pixmap.c; sourceTree = "<group>"; };
		DE4084551610881B00B80E6A /* pixmap.h */ = {isa = PBXFileReference; lastKnownFileType = sourcecode.c.h; path = pixmap.h; sourceTree = "<group>"; };
		DE4084561610881B00B80E6A /* README */ = {isa = PBXFileReference; lastKnownFileType = text; path = README; sourceTree = "<group>"; };
		DE4084571610881B00B80E6A /* scanline.c */ = {isa = PBXFileReference; lastKnownFileType = sourcecode.c.c; path = scanline.c; sourceTree = "<group>"; };
		DE4084581610881B00B80E6A /* scanline.h */ = {isa = PBXFileReference; lastKnownFileType = sourcecode.c.h; path = scanline.h; sourceTree = "<group>"; };
		DE4084591610881B00B80E6A /* test_mmx.c */ = {isa = PBXFileReference; lastKnownFileType = sourcecode.c.c; path = test_mmx.c; sourceTree = "<group>"; };
		DE40845A1610881B00B80E6A /* transform.c */ = {isa = PBXFileReference; lastKnownFileType = sourcecode.c.c; path = transform.c; sourceTree = "<group>"; };
		DE40845B1610881B00B80E6A /* transform.h */ = {isa = PBXFileReference; lastKnownFileType = sourcecode.c.h; path = transform.h; sourceTree = "<group>"; };
		DE40845C1610881B00B80E6A /* ungif.c */ = {isa = PBXFileReference; lastKnownFileType = sourcecode.c.c; path = ungif.c; sourceTree = "<group>"; };
		DE40845D1610881B00B80E6A /* ungif.h */ = {isa = PBXFileReference; lastKnownFileType = sourcecode.c.h; path = ungif.h; sourceTree = "<group>"; };
		DE40845E1610881B00B80E6A /* win32 */ = {isa = PBXFileReference; lastKnownFileType = folder; path = win32; sourceTree = "<group>"; };
		DE40845F1610881B00B80E6A /* xcf.c */ = {isa = PBXFileReference; lastKnownFileType = sourcecode.c.c; path = xcf.c; sourceTree = "<group>"; };
		DE4084601610881B00B80E6A /* xcf.h */ = {isa = PBXFileReference; lastKnownFileType = sourcecode.c.h; path = xcf.h; sourceTree = "<group>"; };
		DE4084611610881B00B80E6A /* ximage.c */ = {isa = PBXFileReference; lastKnownFileType = sourcecode.c.c; path = ximage.c; sourceTree = "<group>"; };
		DE4084621610881B00B80E6A /* ximage.h */ = {isa = PBXFileReference; lastKnownFileType = sourcecode.c.h; path = ximage.h; sourceTree = "<group>"; };
		DE4084631610881B00B80E6A /* xpm.c */ = {isa = PBXFileReference; lastKnownFileType = sourcecode.c.c; path = xpm.c; sourceTree = "<group>"; };
		DE4084641610881B00B80E6A /* xpm.h */ = {isa = PBXFileReference; lastKnownFileType = sourcecode.c.h; path = xpm.h; sourceTree = "<group>"; };
		DE4084651610881B00B80E6A /* xwrap.h */ = {isa = PBXFileReference; lastKnownFileType = sourcecode.c.h; path = xwrap.h; sourceTree = "<group>"; };
		DE4084661610881B00B80E6A /* zlib */ = {isa = PBXFileReference; lastKnownFileType = folder; path = zlib; sourceTree = "<group>"; };
/* End PBXFileReference section */

/* Begin PBXGroup section */
		DE4084171610881B00B80E6A = {
			isa = PBXGroup;
			children = (
				DE40841F1610881B00B80E6A /* .cvsignore */,
				DE4084201610881B00B80E6A /* .depend */,
				DE4084211610881B00B80E6A /* .shared */,
				DE4084221610881B00B80E6A /* aclocal.m4 */,
				DE4084231610881B00B80E6A /* afterbase.c */,
				DE4084241610881B00B80E6A /* afterbase.h.in */,
				DE4084251610881B00B80E6A /* afterimage-config.in */,
				DE4084261610881B00B80E6A /* afterimage-libs.in */,
				DE4084271610881B00B80E6A /* afterimage.h */,
				DE4084281610881B00B80E6A /* aftershow */,
				DE4084291610881B00B80E6A /* apps */,
				DE40842A1610881B00B80E6A /* ascmap.c */,
				DE40842B1610881B00B80E6A /* ascmap.h */,
				DE40842C1610881B00B80E6A /* asfont.c */,
				DE40842D1610881B00B80E6A /* asfont.h */,
				DE40842E1610881B00B80E6A /* asim_afterbase.h */,
				DE40842F1610881B00B80E6A /* asimage.c */,
				DE4084301610881B00B80E6A /* asimage.h */,
				DE4084311610881B00B80E6A /* asimagexml.c */,
				DE4084321610881B00B80E6A /* asimagexml.h */,
				DE4084331610881B00B80E6A /* asstorage.c */,
				DE4084341610881B00B80E6A /* asstorage.h */,
				DE4084351610881B00B80E6A /* asvisual.c */,
				DE4084361610881B00B80E6A /* asvisual.h */,
				DE4084371610881B00B80E6A /* blender.c */,
				DE4084381610881B00B80E6A /* blender.h */,
				DE4084391610881B00B80E6A /* bmp.c */,
				DE40843A1610881B00B80E6A /* bmp.h */,
				DE40843B1610881B00B80E6A /* ChangeLog */,
				DE40843C1610881B00B80E6A /* char2uni.c */,
				DE40843D1610881B00B80E6A /* char2uni.h */,
				DE40843E1610881B00B80E6A /* colornames.h */,
				DE40843F1610881B00B80E6A /* config.guess */,
				DE4084401610881B00B80E6A /* config.h.in */,
				DE4084411610881B00B80E6A /* config.sub */,
				DE4084421610881B00B80E6A /* configure */,
				DE4084431610881B00B80E6A /* configure.in */,
				DE4084441610881B00B80E6A /* draw.c */,
				DE4084451610881B00B80E6A /* draw.h */,
				DE4084461610881B00B80E6A /* export.c */,
				DE4084471610881B00B80E6A /* export.h */,
				DE4084481610881B00B80E6A /* imencdec.c */,
				DE4084491610881B00B80E6A /* imencdec.h */,
				DE40844A1610881B00B80E6A /* import.c */,
				DE40844B1610881B00B80E6A /* import.h */,
				DE40844C1610881B00B80E6A /* install-sh */,
				DE40844D1610881B00B80E6A /* libAfterImage.dsp */,
				DE40844E1610881B00B80E6A /* libAfterImage.dsw */,
				DE40844F1610881B00B80E6A /* libAfterImage.mak */,
				DE4084501610881B00B80E6A /* libjpeg */,
				DE4084511610881B00B80E6A /* libpng */,
				DE4084521610881B00B80E6A /* libungif */,
				DE4084531610881B00B80E6A /* Makefile.in */,
				DE4084541610881B00B80E6A /* pixmap.c */,
				DE4084551610881B00B80E6A /* pixmap.h */,
				DE4084561610881B00B80E6A /* README */,
				DE4084571610881B00B80E6A /* scanline.c */,
				DE4084581610881B00B80E6A /* scanline.h */,
				DE4084591610881B00B80E6A /* test_mmx.c */,
				DE40845A1610881B00B80E6A /* transform.c */,
				DE40845B1610881B00B80E6A /* transform.h */,
				DE40845C1610881B00B80E6A /* ungif.c */,
				DE40845D1610881B00B80E6A /* ungif.h */,
				DE40845E1610881B00B80E6A /* win32 */,
				DE40845F1610881B00B80E6A /* xcf.c */,
				DE4084601610881B00B80E6A /* xcf.h */,
				DE4084611610881B00B80E6A /* ximage.c */,
				DE4084621610881B00B80E6A /* ximage.h */,
				DE4084631610881B00B80E6A /* xpm.c */,
				DE4084641610881B00B80E6A /* xpm.h */,
				DE4084651610881B00B80E6A /* xwrap.h */,
				DE4084661610881B00B80E6A /* zlib */,
			);
			sourceTree = "<group>";
		};
/* End PBXGroup section */

/* Begin PBXLegacyTarget section */
		DE40841E1610881B00B80E6A /* libAfterImage-1.20 */ = {
			isa = PBXLegacyTarget;
			buildArgumentsString = "$(ACTION)";
			buildConfigurationList = DE4084671610881B00B80E6A /* Build configuration list for PBXLegacyTarget "libAfterImage-1.20" */;
			buildPhases = (
			);
			buildToolPath = /usr/bin/make;
			buildWorkingDirectory = "/Users/tristanseifert/Nametablinator/libAfterImage-1.20";
			dependencies = (
			);
			name = "libAfterImage-1.20";
			passBuildSettingsInEnvironment = 1;
			productName = "libAfterImage-1.20";
		};
/* End PBXLegacyTarget section */

/* Begin PBXProject section */
		DE4084191610881B00B80E6A /* Project object */ = {
			isa = PBXProject;
			buildConfigurationList = DE40841C1610881B00B80E6A /* Build configuration list for PBXProject "libAfterImage-1.20" */;
			compatibilityVersion = "Xcode 3.2";
			developmentRegion = English;
			hasScannedForEncodings = 0;
			knownRegions = (
				en,
			);
			mainGroup = DE4084171610881B00B80E6A;
			projectDirPath = "";
			projectRoot = "";
			targets = (
				DE40841E1610881B00B80E6A /* libAfterImage-1.20 */,
			);
		};
/* End PBXProject section */

/* Begin XCBuildConfiguration section */
		DE40841A1610881B00B80E6A /* Debug */ = {
			isa = XCBuildConfiguration;
			buildSettings = {
				ARCHS = "$(ARCHS_STANDARD_32_BIT)";
				COPY_PHASE_STRIP = NO;
				GCC_WARN_ABOUT_RETURN_TYPE = YES;
				GCC_WARN_UNUSED_VARIABLE = YES;
				ONLY_ACTIVE_ARCH = YES;
				SDKROOT = macosx10.6;
			};
			name = Debug;
		};
		DE40841B1610881B00B80E6A /* Release */ = {
			isa = XCBuildConfiguration;
			buildSettings = {
				ARCHS = "$(ARCHS_STANDARD_32_BIT)";
				COPY_PHASE_STRIP = YES;
				GCC_WARN_ABOUT_RETURN_TYPE = YES;
				GCC_WARN_UNUSED_VARIABLE = YES;
				SDKROOT = macosx10.6;
			};
			name = Release;
		};
		DE4084681610881B00B80E6A /* Debug */ = {
			isa = XCBuildConfiguration;
			buildSettings = {
				COPY_PHASE_STRIP = NO;
				DEBUGGING_SYMBOLS = YES;
				GCC_DYNAMIC_NO_PIC = NO;
				GCC_ENABLE_FIX_AND_CONTINUE = YES;
				GCC_GENERATE_DEBUGGING_SYMBOLS = YES;
				GCC_OPTIMIZATION_LEVEL = 0;
				OTHER_CFLAGS = "";
				OTHER_LDFLAGS = "";
				PRODUCT_NAME = "libAfterImage-1.20";
			};
			name = Debug;
		};
		DE4084691610881B00B80E6A /* Release */ = {
			isa = XCBuildConfiguration;
			buildSettings = {
				COPY_PHASE_STRIP = YES;
				DEBUG_INFORMATION_FORMAT = "dwarf-with-dsym";
				GCC_ENABLE_FIX_AND_CONTINUE = NO;
				OTHER_CFLAGS = "";
				OTHER_LDFLAGS = "";
				PRODUCT_NAME = "libAfterImage-1.20";
			};
			name = Release;
		};
/* End XCBuildConfiguration section */

/* Begin XCConfigurationList section */
		DE40841C1610881B00B80E6A /* Build configuration list for PBXProject "libAfterImage-1.20" */ = {
			isa = XCConfigurationList;
			buildConfigurations = (
				DE40841A1610881B00B80E6A /* Debug */,
				DE40841B1610881B00B80E6A /* Release */,
			);
			defaultConfigurationIsVisible = 0;
			defaultConfigurationName = Release;
		};
		DE4084671610881B00B80E6A /* Build configuration list for PBXLegacyTarget "libAfterImage-1.20" */ = {
			isa = XCConfigurationList;
			buildConfigurations = (
				DE4084681610881B00B80E6A /* Debug */,
				DE4084691610881B00B80E6A /* Release */,
			);
			defaultConfigurationIsVisible = 0;
			defaultConfigurationName = Release;
		};
/* End XCConfigurationList section */
	};
	rootObject = DE4084191610881B00B80E6A /* Project object */;
}
